
Microsoft Visual Studio Solution File, Format Version 12.00
# Visual Studio Version 17
VisualStudioVersion = 17.13.35931.197 d17.13
MinimumVisualStudioVersion = 10.0.40219.1
Project("{FAE04EC0-301F-11D3-BF4B-00C04F79EFBC}") = "test", "test\test.csproj", "{C3D273F7-D4C1-4883-BED2-8CDFAB61745D}"
EndProject
Global
	GlobalSection(SolutionConfigurationPlatforms) = preSolution
		Debug|Any CPU = Debug|Any CPU
		Release|Any CPU = Release|Any CPU
	EndGlobalSection
	GlobalSection(ProjectConfigurationPlatforms) = postSolution
		{C3D273F7-D4C1-4883-BED2-8CDFAB61745D}.Debug|Any CPU.ActiveCfg = Debug|Any CPU
		{C3D273F7-D4C1-4883-BED2-8CDFAB61745D}.Debug|Any CPU.Build.0 = Debug|Any CPU
		{C3D273F7-D4C1-4883-BED2-8CDFAB61745D}.Release|Any CPU.ActiveCfg = Release|Any CPU
		{C3D273F7-D4C1-4883-BED2-8CDFAB61745D}.Release|Any CPU.Build.0 = Release|Any CPU
	EndGlobalSection
	GlobalSection(SolutionProperties) = preSolution
		HideSolutionNode = FALSE
	EndGlobalSection
	GlobalSection(ExtensibilityGlobals) = postSolution
		SolutionGuid = {2BAA9BF6-177A-4E57-A735-FACC47079F6A}
	EndGlobalSection
EndGlobal
